// !$*UTF8*$!
{
	archiveVersion = 1;
	classes = {
	};
	objectVersion = 48;
	objects = {

/* Begin PBXBuildFile section */
		838DB66D2310F28A00AC4A41 /* AppDelegate.swift in Sources */ = {isa = PBXBuildFile; fileRef = 838DB66C2310F28A00AC4A41 /* AppDelegate.swift */; };
		838DB66F2310F28A00AC4A41 /* ViewController.swift in Sources */ = {isa = PBXBuildFile; fileRef = 838DB66E2310F28A00AC4A41 /* ViewController.swift */; };
		838DB6722310F28A00AC4A41 /* Main.storyboard in Resources */ = {isa = PBXBuildFile; fileRef = 838DB6702310F28A00AC4A41 /* Main.storyboard */; };
		838DB6742310F28A00AC4A41 /* Assets.xcassets in Resources */ = {isa = PBXBuildFile; fileRef = 838DB6732310F28A00AC4A41 /* Assets.xcassets */; };
		838DB6772310F28A00AC4A41 /* LaunchScreen.storyboard in Resources */ = {isa = PBXBuildFile; fileRef = 838DB6752310F28A00AC4A41 /* LaunchScreen.storyboard */; };
/* End PBXBuildFile section */

/* Begin PBXFileReference section */
		838DB6692310F28A00AC4A41 /* ENUMERATION.app */ = {isa = PBXFileReference; explicitFileType = wrapper.application; includeInIndex = 0; path = ENUMERATION.app; sourceTree = BUILT_PRODUCTS_DIR; };
		838DB66C2310F28A00AC4A41 /* AppDelegate.swift */ = {isa = PBXFileReference; lastKnownFileType = sourcecode.swift; path = AppDelegate.swift; sourceTree = "<group>"; };
		838DB66E2310F28A00AC4A41 /* ViewController.swift */ = {isa = PBXFileReference; lastKnownFileType = sourcecode.swift; path = ViewController.swift; sourceTree = "<group>"; };
		838DB6712310F28A00AC4A41 /* Base */ = {isa = PBXFileReference; lastKnownFileType = file.storyboard; name = Base; path = Base.lproj/Main.storyboard; sourceTree = "<group>"; };
		838DB6732310F28A00AC4A41 /* Assets.xcassets */ = {isa = PBXFileReference; lastKnownFileType = folder.assetcatalog; path = Assets.xcassets; sourceTree = "<group>"; };
		838DB6762310F28A00AC4A41 /* Base */ = {isa = PBXFileReference; lastKnownFileType = file.storyboard; name = Base; path = Base.lproj/LaunchScreen.storyboard; sourceTree = "<group>"; };
		838DB6782310F28A00AC4A41 /* Info.plist */ = {isa = PBXFileReference; lastKnownFileType = text.plist.xml; path = Info.plist; sourceTree = "<group>"; };
/* End PBXFileReference section */

/* Begin PBXFrameworksBuildPhase section */
		838DB6662310F28A00AC4A41 /* Frameworks */ = {
			isa = PBXFrameworksBuildPhase;
			buildActionMask = 2147483647;
			files = (
			);
			runOnlyForDeploymentPostprocessing = 0;
		};
/* End PBXFrameworksBuildPhase section */

/* Begin PBXGroup section */
		838DB6602310F28A00AC4A41 = {
			isa = PBXGroup;
			children = (
				838DB66B2310F28A00AC4A41 /* ENUMERATION */,
				838DB66A2310F28A00AC4A41 /* Products */,
			);
			sourceTree = "<group>";
		};
		838DB66A2310F28A00AC4A41 /* Products */ = {
			isa = PBXGroup;
			children = (
				838DB6692310F28A00AC4A41 /* ENUMERATION.app */,
			);
			name = Products;
			sourceTree = "<group>";
		};
		838DB66B2310F28A00AC4A41 /* ENUMERATION */ = {
			isa = PBXGroup;
			children = (
				838DB66C2310F28A00AC4A41 /* AppDelegate.swift */,
				838DB66E2310F28A00AC4A41 /* ViewController.swift */,
				838DB6702310F28A00AC4A41 /* Main.storyboard */,
				838DB6732310F28A00AC4A41 /* Assets.xcassets */,
				838DB6752310F28A00AC4A41 /* LaunchScreen.storyboard */,
				838DB6782310F28A00AC4A41 /* Info.plist */,
			);
			path = ENUMERATION;
			sourceTree = "<group>";
		};
/* End PBXGroup section */

/* Begin PBXNativeTarget section */
		838DB6682310F28A00AC4A41 /* ENUMERATION */ = {
			isa = PBXNativeTarget;
			buildConfigurationList = 838DB67B2310F28A00AC4A41 /* Build configuration list for PBXNativeTarget "ENUMERATION" */;
			buildPhases = (
				838DB6652310F28A00AC4A41 /* Sources */,
				838DB6662310F28A00AC4A41 /* Frameworks */,
				838DB6672310F28A00AC4A41 /* Resources */,
			);
			buildRules = (
			);
			dependencies = (
			);
			name = ENUMERATION;
			productName = ENUMERATION;
			productReference = 838DB6692310F28A00AC4A41 /* ENUMERATION.app */;
			productType = "com.apple.product-type.application";
		};
/* End PBXNativeTarget section */

/* Begin PBXProject section */
		838DB6612310F28A00AC4A41 /* Project object */ = {
			isa = PBXProject;
			attributes = {
				LastSwiftUpdateCheck = 0920;
				LastUpgradeCheck = 0920;
				ORGANIZATIONNAME = "Syed.Reshma Ruksana";
				TargetAttributes = {
					838DB6682310F28A00AC4A41 = {
						CreatedOnToolsVersion = 9.2;
						ProvisioningStyle = Automatic;
					};
				};
			};
			buildConfigurationList = 838DB6642310F28A00AC4A41 /* Build configuration list for PBXProject "ENUMERATION" */;
			compatibilityVersion = "Xcode 8.0";
			developmentRegion = en;
			hasScannedForEncodings = 0;
			knownRegions = (
				en,
				Base,
			);
			mainGroup = 838DB6602310F28A00AC4A41;
			productRefGroup = 838DB66A2310F28A00AC4A41 /* Products */;
			projectDirPath = "";
			projectRoot = "";
			targets = (
				838DB6682310F28A00AC4A41 /* ENUMERATION */,
			);
		};
/* End PBXProject section */

/* Begin PBXResourcesBuildPhase section */
		838DB6672310F28A00AC4A41 /* Resources */ = {
			isa = PBXResourcesBuildPhase;
			buildActionMask = 2147483647;
			files = (
				838DB6772310F28A00AC4A41 /* LaunchScreen.storyboard in Resources */,
				838DB6742310F28A00AC4A41 /* Assets.xcassets in Resources */,
				838DB6722310F28A00AC4A41 /* Main.storyboard in Resources */,
			);
			runOnlyForDeploymentPostprocessing = 0;
		};
/* End PBXResourcesBuildPhase section */

/* Begin PBXSourcesBuildPhase section */
		838DB6652310F28A00AC4A41 /* Sources */ = {
			isa = PBXSourcesBuildPhase;
			buildActionMask = 2147483647;
			files = (
				838DB66F2310F28A00AC4A41 /* ViewController.swift in Sources */,
				838DB66D2310F28A00AC4A41 /* AppDelegate.swift in Sources */,
			);
			runOnlyForDeploymentPostprocessing = 0;
		};
/* End PBXSourcesBuildPhase section */

/* Begin PBXVariantGroup section */
		838DB6702310F28A00AC4A41 /* Main.storyboard */ = {
			isa = PBXVariantGroup;
			children = (
				838DB6712310F28A00AC4A41 /* Base */,
			);
			name = Main.storyboard;
			sourceTree = "<group>";
		};
		838DB6752310F28A00AC4A41 /* LaunchScreen.storyboard */ = {
			isa = PBXVariantGroup;
			children = (
				838DB6762310F28A00AC4A41 /* Base */,
			);
			name = LaunchScreen.storyboard;
			sourceTree = "<group>";
		};
/* End PBXVariantGroup section */

/* Begin XCBuildConfiguration section */
		838DB6792310F28A00AC4A41 /* Debug */ = {
			isa = XCBuildConfiguration;
			buildSettings = {
				ALWAYS_SEARCH_USER_PATHS = NO;
				CLANG_ANALYZER_NONNULL = YES;
				CLANG_ANALYZER_NUMBER_OBJECT_CONVERSION = YES_AGGRESSIVE;
				CLANG_CXX_LANGUAGE_STANDARD = "gnu++14";
				CLANG_CXX_LIBRARY = "libc++";
				CLANG_ENABLE_MODULES = YES;
				CLANG_ENABLE_OBJC_ARC = YES;
				CLANG_WARN_BLOCK_CAPTURE_AUTORELEASING = YES;
				CLANG_WARN_BOOL_CONVERSION = YES;
				CLANG_WARN_COMMA = YES;
				CLANG_WARN_CONSTANT_CONVERSION = YES;
				CLANG_WARN_DIRECT_OBJC_ISA_USAGE = YES_ERROR;
				CLANG_WARN_DOCUMENTATION_COMMENTS = YES;
				CLANG_WARN_EMPTY_BODY = YES;
				CLANG_WARN_ENUM_CONVERSION = YES;
				CLANG_WARN_INFINITE_RECURSION = YES;
				CLANG_WARN_INT_CONVERSION = YES;
				CLANG_WARN_NON_LITERAL_NULL_CONVERSION = YES;
				CLANG_WARN_OBJC_LITERAL_CONVERSION = YES;
				CLANG_WARN_OBJC_ROOT_CLASS = YES_ERROR;
				CLANG_WARN_RANGE_LOOP_ANALYSIS = YES;
				CLANG_WARN_STRICT_PROTOTYPES = YES;
				CLANG_WARN_SUSPICIOUS_MOVE = YES;
				CLANG_WARN_UNGUARDED_AVAILABILITY = YES_AGGRESSIVE;
				CLANG_WARN_UNREACHABLE_CODE = YES;
				CLANG_WARN__DUPLICATE_METHOD_MATCH = YES;
				CODE_SIGN_IDENTITY = "iPhone Developer";
				COPY_PHASE_STRIP = NO;
				DEBUG_INFORMATION_FORMAT = dwarf;
				ENABLE_STRICT_OBJC_MSGSEND = YES;
				ENABLE_TESTABILITY = YES;
				GCC_C_LANGUAGE_STANDARD = gnu11;
				GCC_DYNAMIC_NO_PIC = NO;
				GCC_NO_COMMON_BLOCKS = YES;
				GCC_OPTIMIZATION_LEVEL = 0;
				GCC_PREPROCESSOR_DEFINITIONS = (
					"DEBUG=1",
					"$(inherited)",
				);
				GCC_WARN_64_TO_32_BIT_CONVERSION = YES;
				GCC_WARN_ABOUT_RETURN_TYPE = YES_ERROR;
				GCC_WARN_UNDECLARED_SELECTOR = YES;
				GCC_WARN_UNINITIALIZED_AUTOS = YES_AGGRESSIVE;
				GCC_WARN_UNUSED_FUNCTION = YES;
				GCC_WARN_UNUSED_VARIABLE = YES;
				IPHONEOS_DEPLOYMENT_TARGET = 11.2;
				MTL_ENABLE_DEBUG_INFO = YES;
				ONLY_ACTIVE_ARCH = YES;
				SDKROOT = iphoneos;
				SWIFT_ACTIVE_COMPILATION_CONDITIONS = DEBUG;
				SWIFT_OPTIMIZATION_LEVEL = "-Onone";
			};
			name = Debug;
		};
		838DB67A2310F28A00AC4A41 /* Release */ = {
			isa = XCBuildConfiguration;
			buildSettings = {
				ALWAYS_SEARCH_USER_PATHS = NO;
				CLANG_ANALYZER_NONNULL = YES;
				CLANG_ANALYZER_NUMBER_OBJECT_CONVERSION = YES_AGGRESSIVE;
				CLANG_CXX_LANGUAGE_STANDARD = "gnu++14";
				CLANG_CXX_LIBRARY = "libc++";
				CLANG_ENABLE_MODULES = YES;
				CLANG_ENABLE_OBJC_ARC = YES;
				CLANG_WARN_BLOCK_CAPTURE_AUTORELEASING = YES;
				CLANG_WARN_BOOL_CONVERSION = YES;
				CLANG_WARN_COMMA = YES;
				CLANG_WARN_CONSTANT_CONVERSION = YES;
				CLANG_WARN_DIRECT_OBJC_ISA_USAGE = YES_ERROR;
				CLANG_WARN_DOCUMENTATION_COMMENTS = YES;
				CLANG_WARN_EMPTY_BODY = YES;
				CLANG_WARN_ENUM_CONVERSION = YES;
				CLANG_WARN_INFINITE_RECURSION = YES;
				CLANG_WARN_INT_CONVERSION = YES;
				CLANG_WARN_NON_LITERAL_NULL_CONVERSION = YES;
				CLANG_WARN_OBJC_LITERAL_CONVERSION = YES;
				CLANG_WARN_OBJC_ROOT_CLASS = YES_ERROR;
				CLANG_WARN_RANGE_LOOP_ANALYSIS = YES;
				CLANG_WARN_STRICT_PROTOTYPES = YES;
				CLANG_WARN_SUSPICIOUS_MOVE = YES;
				CLANG_WARN_UNGUARDED_AVAILABILITY = YES_AGGRESSIVE;
				CLANG_WARN_UNREACHABLE_CODE = YES;
				CLANG_WARN__DUPLICATE_METHOD_MATCH = YES;
				CODE_SIGN_IDENTITY = "iPhone Developer";
				COPY_PHASE_STRIP = NO;
				DEBUG_INFORMATION_FORMAT = "dwarf-with-dsym";
				ENABLE_NS_ASSERTIONS = NO;
				ENABLE_STRICT_OBJC_MSGSEND = YES;
				GCC_C_LANGUAGE_STANDARD = gnu11;
				GCC_NO_COMMON_BLOCKS = YES;
				GCC_WARN_64_TO_32_BIT_CONVERSION = YES;
				GCC_WARN_ABOUT_RETURN_TYPE = YES_ERROR;
				GCC_WARN_UNDECLARED_SELECTOR = YES;
				GCC_WARN_UNINITIALIZED_AUTOS = YES_AGGRESSIVE;
				GCC_WARN_UNUSED_FUNCTION = YES;
				GCC_WARN_UNUSED_VARIABLE = YES;
				IPHONEOS_DEPLOYMENT_TARGET = 11.2;
				MTL_ENABLE_DEBUG_INFO = NO;
				SDKROOT = iphoneos;
				SWIFT_OPTIMIZATION_LEVEL = "-Owholemodule";
				VALIDATE_PRODUCT = YES;
			};
			name = Release;
		};
		838DB67C2310F28A00AC4A41 /* Debug */ = {
			isa = XCBuildConfiguration;
			buildSettings = {
				ASSETCATALOG_COMPILER_APPICON_NAME = AppIcon;
				CODE_SIGN_STYLE = Automatic;
				INFOPLIST_FILE = ENUMERATION/Info.plist;
				LD_RUNPATH_SEARCH_PATHS = "$(inherited) @executable_path/Frameworks";
				PRODUCT_BUNDLE_IDENTIFIER = BRN.ENUMERATION;
				PRODUCT_NAME = "$(TARGET_NAME)";
				SWIFT_VERSION = 4.0;
				TARGETED_DEVICE_FAMILY = "1,2";
			};
			name = Debug;
		};
		838DB67D2310F28A00AC4A41 /* Release */ = {
			isa = XCBuildConfiguration;
			buildSettings = {
				ASSETCATALOG_COMPILER_APPICON_NAME = AppIcon;
				CODE_SIGN_STYLE = Automatic;
				INFOPLIST_FILE = ENUMERATION/Info.plist;
				LD_RUNPATH_SEARCH_PATHS = "$(inherited) @executable_path/Frameworks";
				PRODUCT_BUNDLE_IDENTIFIER = BRN.ENUMERATION;
				PRODUCT_NAME = "$(TARGET_NAME)";
				SWIFT_VERSION = 4.0;
				TARGETED_DEVICE_FAMILY = "1,2";
			};
			name = Release;
		};
/* End XCBuildConfiguration section */

/* Begin XCConfigurationList section */
		838DB6642310F28A00AC4A41 /* Build configuration list for PBXProject "ENUMERATION" */ = {
			isa = XCConfigurationList;
			buildConfigurations = (
				838DB6792310F28A00AC4A41 /* Debug */,
				838DB67A2310F28A00AC4A41 /* Release */,
			);
			defaultConfigurationIsVisible = 0;
			defaultConfigurationName = Release;
		};
		838DB67B2310F28A00AC4A41 /* Build configuration list for PBXNativeTarget "ENUMERATION" */ = {
			isa = XCConfigurationList;
			buildConfigurations = (
				838DB67C2310F28A00AC4A41 /* Debug */,
				838DB67D2310F28A00AC4A41 /* Release */,
			);
			defaultConfigurationIsVisible = 0;
			defaultConfigurationName = Release;
		};
/* End XCConfigurationList section */
	};
	rootObject = 838DB6612310F28A00AC4A41 /* Project object */;
}
